// !$*UTF8*$!
{
	archiveVersion = 1;
	classes = {
	};
	objectVersion = 46;
	objects = {

/* Begin PBXBuildFile section */
		162AAB991BC433AE001AA0AB /* AppDelegate.swift in Sources */ = {isa = PBXBuildFile; fileRef = 162AAB981BC433AE001AA0AB /* AppDelegate.swift */; };
		162AAB9B1BC433AE001AA0AB /* ViewController.swift in Sources */ = {isa = PBXBuildFile; fileRef = 162AAB9A1BC433AE001AA0AB /* ViewController.swift */; };
		162AAB9E1BC433AE001AA0AB /* Main.storyboard in Resources */ = {isa = PBXBuildFile; fileRef = 162AAB9C1BC433AE001AA0AB /* Main.storyboard */; };
		162AABA01BC433AF001AA0AB /* Assets.xcassets in Resources */ = {isa = PBXBuildFile; fileRef = 162AAB9F1BC433AF001AA0AB /* Assets.xcassets */; };
		162AABA31BC433AF001AA0AB /* LaunchScreen.storyboard in Resources */ = {isa = PBXBuildFile; fileRef = 162AABA11BC433AF001AA0AB /* LaunchScreen.storyboard */; };
		162AABAB1BC43930001AA0AB /* background.png in Resources */ = {isa = PBXBuildFile; fileRef = 162AABAA1BC43930001AA0AB /* background.png */; settings = {ASSET_TAGS = (); }; };
/* End PBXBuildFile section */

/* Begin PBXFileReference section */
		162AAB951BC433AE001AA0AB /* Whats The Weather.app */ = {isa = PBXFileReference; explicitFileType = wrapper.application; includeInIndex = 0; path = "Whats The Weather.app"; sourceTree = BUILT_PRODUCTS_DIR; };
		162AAB981BC433AE001AA0AB /* AppDelegate.swift */ = {isa = PBXFileReference; lastKnownFileType = sourcecode.swift; path = AppDelegate.swift; sourceTree = "<group>"; };
		162AAB9A1BC433AE001AA0AB /* ViewController.swift */ = {isa = PBXFileReference; lastKnownFileType = sourcecode.swift; path = ViewController.swift; sourceTree = "<group>"; };
		162AAB9D1BC433AE001AA0AB /* Base */ = {isa = PBXFileReference; lastKnownFileType = file.storyboard; name = Base; path = Base.lproj/Main.storyboard; sourceTree = "<group>"; };
		162AAB9F1BC433AF001AA0AB /* Assets.xcassets */ = {isa = PBXFileReference; lastKnownFileType = folder.assetcatalog; path = Assets.xcassets; sourceTree = "<group>"; };
		162AABA21BC433AF001AA0AB /* Base */ = {isa = PBXFileReference; lastKnownFileType = file.storyboard; name = Base; path = Base.lproj/LaunchScreen.storyboard; sourceTree = "<group>"; };
		162AABA41BC433AF001AA0AB /* Info.plist */ = {isa = PBXFileReference; lastKnownFileType = text.plist.xml; path = Info.plist; sourceTree = "<group>"; };
		162AABAA1BC43930001AA0AB /* background.png */ = {isa = PBXFileReference; lastKnownFileType = image.png; path = background.png; sourceTree = "<group>"; };
/* End PBXFileReference section */

/* Begin PBXFrameworksBuildPhase section */
		162AAB921BC433AE001AA0AB /* Frameworks */ = {
			isa = PBXFrameworksBuildPhase;
			buildActionMask = 2147483647;
			files = (
			);
			runOnlyForDeploymentPostprocessing = 0;
		};
/* End PBXFrameworksBuildPhase section */

/* Begin PBXGroup section */
		162AAB8C1BC433AE001AA0AB = {
			isa = PBXGroup;
			children = (
				162AAB971BC433AE001AA0AB /* Whats The Weather */,
				162AAB961BC433AE001AA0AB /* Products */,
			);
			sourceTree = "<group>";
		};
		162AAB961BC433AE001AA0AB /* Products */ = {
			isa = PBXGroup;
			children = (
				162AAB951BC433AE001AA0AB /* Whats The Weather.app */,
			);
			name = Products;
			sourceTree = "<group>";
		};
		162AAB971BC433AE001AA0AB /* Whats The Weather */ = {
			isa = PBXGroup;
			children = (
				162AAB981BC433AE001AA0AB /* AppDelegate.swift */,
				162AAB9A1BC433AE001AA0AB /* ViewController.swift */,
				162AAB9C1BC433AE001AA0AB /* Main.storyboard */,
				162AAB9F1BC433AF001AA0AB /* Assets.xcassets */,
				162AABAA1BC43930001AA0AB /* background.png */,
				162AABA11BC433AF001AA0AB /* LaunchScreen.storyboard */,
				162AABA41BC433AF001AA0AB /* Info.plist */,
			);
			path = "Whats The Weather";
			sourceTree = "<group>";
		};
/* End PBXGroup section */

/* Begin PBXNativeTarget section */
		162AAB941BC433AE001AA0AB /* Whats The Weather */ = {
			isa = PBXNativeTarget;
			buildConfigurationList = 162AABA71BC433AF001AA0AB /* Build configuration list for PBXNativeTarget "Whats The Weather" */;
			buildPhases = (
				162AAB911BC433AE001AA0AB /* Sources */,
				162AAB921BC433AE001AA0AB /* Frameworks */,
				162AAB931BC433AE001AA0AB /* Resources */,
			);
			buildRules = (
			);
			dependencies = (
			);
			name = "Whats The Weather";
			productName = "Whats The Weather";
			productReference = 162AAB951BC433AE001AA0AB /* Whats The Weather.app */;
			productType = "com.apple.product-type.application";
		};
/* End PBXNativeTarget section */

/* Begin PBXProject section */
		162AAB8D1BC433AE001AA0AB /* Project object */ = {
			isa = PBXProject;
			attributes = {
				LastUpgradeCheck = 0700;
				ORGANIZATIONNAME = "Luiz Fernando Santiago";
				TargetAttributes = {
					162AAB941BC433AE001AA0AB = {
						CreatedOnToolsVersion = 7.0;
					};
				};
			};
			buildConfigurationList = 162AAB901BC433AE001AA0AB /* Build configuration list for PBXProject "Whats The Weather" */;
			compatibilityVersion = "Xcode 3.2";
			developmentRegion = English;
			hasScannedForEncodings = 0;
			knownRegions = (
				en,
				Base,
			);
			mainGroup = 162AAB8C1BC433AE001AA0AB;
			productRefGroup = 162AAB961BC433AE001AA0AB /* Products */;
			projectDirPath = "";
			projectRoot = "";
			targets = (
				162AAB941BC433AE001AA0AB /* Whats The Weather */,
			);
		};
/* End PBXProject section */

/* Begin PBXResourcesBuildPhase section */
		162AAB931BC433AE001AA0AB /* Resources */ = {
			isa = PBXResourcesBuildPhase;
			buildActionMask = 2147483647;
			files = (
				162AABA31BC433AF001AA0AB /* LaunchScreen.storyboard in Resources */,
				162AABAB1BC43930001AA0AB /* background.png in Resources */,
				162AABA01BC433AF001AA0AB /* Assets.xcassets in Resources */,
				162AAB9E1BC433AE001AA0AB /* Main.storyboard in Resources */,
			);
			runOnlyForDeploymentPostprocessing = 0;
		};
/* End PBXResourcesBuildPhase section */

/* Begin PBXSourcesBuildPhase section */
		162AAB911BC433AE001AA0AB /* Sources */ = {
			isa = PBXSourcesBuildPhase;
			buildActionMask = 2147483647;
			files = (
				162AAB9B1BC433AE001AA0AB /* ViewController.swift in Sources */,
				162AAB991BC433AE001AA0AB /* AppDelegate.swift in Sources */,
			);
			runOnlyForDeploymentPostprocessing = 0;
		};
/* End PBXSourcesBuildPhase section */

/* Begin PBXVariantGroup section */
		162AAB9C1BC433AE001AA0AB /* Main.storyboard */ = {
			isa = PBXVariantGroup;
			children = (
				162AAB9D1BC433AE001AA0AB /* Base */,
			);
			name = Main.storyboard;
			sourceTree = "<group>";
		};
		162AABA11BC433AF001AA0AB /* LaunchScreen.storyboard */ = {
			isa = PBXVariantGroup;
			children = (
				162AABA21BC433AF001AA0AB /* Base */,
			);
			name = LaunchScreen.storyboard;
			sourceTree = "<group>";
		};
/* End PBXVariantGroup section */

/* Begin XCBuildConfiguration section */
		162AABA51BC433AF001AA0AB /* Debug */ = {
			isa = XCBuildConfiguration;
			buildSettings = {
				ALWAYS_SEARCH_USER_PATHS = NO;
				CLANG_CXX_LANGUAGE_STANDARD = "gnu++0x";
				CLANG_CXX_LIBRARY = "libc++";
				CLANG_ENABLE_MODULES = YES;
				CLANG_ENABLE_OBJC_ARC = YES;
				CLANG_WARN_BOOL_CONVERSION = YES;
				CLANG_WARN_CONSTANT_CONVERSION = YES;
				CLANG_WARN_DIRECT_OBJC_ISA_USAGE = YES_ERROR;
				CLANG_WARN_EMPTY_BODY = YES;
				CLANG_WARN_ENUM_CONVERSION = YES;
				CLANG_WARN_INT_CONVERSION = YES;
				CLANG_WARN_OBJC_ROOT_CLASS = YES_ERROR;
				CLANG_WARN_UNREACHABLE_CODE = YES;
				CLANG_WARN__DUPLICATE_METHOD_MATCH = YES;
				"CODE_SIGN_IDENTITY[sdk=iphoneos*]" = "iPhone Developer";
				COPY_PHASE_STRIP = NO;
				DEBUG_INFORMATION_FORMAT = dwarf;
				ENABLE_STRICT_OBJC_MSGSEND = YES;
				ENABLE_TESTABILITY = YES;
				GCC_C_LANGUAGE_STANDARD = gnu99;
				GCC_DYNAMIC_NO_PIC = NO;
				GCC_NO_COMMON_BLOCKS = YES;
				GCC_OPTIMIZATION_LEVEL = 0;
				GCC_PREPROCESSOR_DEFINITIONS = (
					"DEBUG=1",
					"$(inherited)",
				);
				GCC_WARN_64_TO_32_BIT_CONVERSION = YES;
				GCC_WARN_ABOUT_RETURN_TYPE = YES_ERROR;
				GCC_WARN_UNDECLARED_SELECTOR = YES;
				GCC_WARN_UNINITIALIZED_AUTOS = YES_AGGRESSIVE;
				GCC_WARN_UNUSED_FUNCTION = YES;
				GCC_WARN_UNUSED_VARIABLE = YES;
				IPHONEOS_DEPLOYMENT_TARGET = 9.0;
				MTL_ENABLE_DEBUG_INFO = YES;
				ONLY_ACTIVE_ARCH = YES;
				SDKROOT = iphoneos;
				SWIFT_OPTIMIZATION_LEVEL = "-Onone";
			};
			name = Debug;
		};
		162AABA61BC433AF001AA0AB /* Release */ = {
			isa = XCBuildConfiguration;
			buildSettings = {
				ALWAYS_SEARCH_USER_PATHS = NO;
				CLANG_CXX_LANGUAGE_STANDARD = "gnu++0x";
				CLANG_CXX_LIBRARY = "libc++";
				CLANG_ENABLE_MODULES = YES;
				CLANG_ENABLE_OBJC_ARC = YES;
				CLANG_WARN_BOOL_CONVERSION = YES;
				CLANG_WARN_CONSTANT_CONVERSION = YES;
				CLANG_WARN_DIRECT_OBJC_ISA_USAGE = YES_ERROR;
				CLANG_WARN_EMPTY_BODY = YES;
				CLANG_WARN_ENUM_CONVERSION = YES;
				CLANG_WARN_INT_CONVERSION = YES;
				CLANG_WARN_OBJC_ROOT_CLASS = YES_ERROR;
				CLANG_WARN_UNREACHABLE_CODE = YES;
				CLANG_WARN__DUPLICATE_METHOD_MATCH = YES;
				"CODE_SIGN_IDENTITY[sdk=iphoneos*]" = "iPhone Developer";
				COPY_PHASE_STRIP = NO;
				DEBUG_INFORMATION_FORMAT = "dwarf-with-dsym";
				ENABLE_NS_ASSERTIONS = NO;
				ENABLE_STRICT_OBJC_MSGSEND = YES;
				GCC_C_LANGUAGE_STANDARD = gnu99;
				GCC_NO_COMMON_BLOCKS = YES;
				GCC_WARN_64_TO_32_BIT_CONVERSION = YES;
				GCC_WARN_ABOUT_RETURN_TYPE = YES_ERROR;
				GCC_WARN_UNDECLARED_SELECTOR = YES;
				GCC_WARN_UNINITIALIZED_AUTOS = YES_AGGRESSIVE;
				GCC_WARN_UNUSED_FUNCTION = YES;
				GCC_WARN_UNUSED_VARIABLE = YES;
				IPHONEOS_DEPLOYMENT_TARGET = 9.0;
				MTL_ENABLE_DEBUG_INFO = NO;
				SDKROOT = iphoneos;
				VALIDATE_PRODUCT = YES;
			};
			name = Release;
		};
		162AABA81BC433AF001AA0AB /* Debug */ = {
			isa = XCBuildConfiguration;
			buildSettings = {
				ASSETCATALOG_COMPILER_APPICON_NAME = AppIcon;
				INFOPLIST_FILE = "Whats The Weather/Info.plist";
				LD_RUNPATH_SEARCH_PATHS = "$(inherited) @executable_path/Frameworks";
				PRODUCT_BUNDLE_IDENTIFIER = "com.luizsantiago.Whats-The-Weather";
				PRODUCT_NAME = "$(TARGET_NAME)";
			};
			name = Debug;
		};
		162AABA91BC433AF001AA0AB /* Release */ = {
			isa = XCBuildConfiguration;
			buildSettings = {
				ASSETCATALOG_COMPILER_APPICON_NAME = AppIcon;
				INFOPLIST_FILE = "Whats The Weather/Info.plist";
				LD_RUNPATH_SEARCH_PATHS = "$(inherited) @executable_path/Frameworks";
				PRODUCT_BUNDLE_IDENTIFIER = "com.luizsantiago.Whats-The-Weather";
				PRODUCT_NAME = "$(TARGET_NAME)";
			};
			name = Release;
		};
/* End XCBuildConfiguration section */

/* Begin XCConfigurationList section */
		162AAB901BC433AE001AA0AB /* Build configuration list for PBXProject "Whats The Weather" */ = {
			isa = XCConfigurationList;
			buildConfigurations = (
				162AABA51BC433AF001AA0AB /* Debug */,
				162AABA61BC433AF001AA0AB /* Release */,
			);
			defaultConfigurationIsVisible = 0;
			defaultConfigurationName = Release;
		};
		162AABA71BC433AF001AA0AB /* Build configuration list for PBXNativeTarget "Whats The Weather" */ = {
			isa = XCConfigurationList;
			buildConfigurations = (
				162AABA81BC433AF001AA0AB /* Debug */,
				162AABA91BC433AF001AA0AB /* Release */,
			);
			defaultConfigurationIsVisible = 0;
		};
/* End XCConfigurationList section */
	};
	rootObject = 162AAB8D1BC433AE001AA0AB /* Project object */;
}
